
Microsoft Visual Studio Solution File, Format Version 12.00
# Visual Studio Version 17
VisualStudioVersion = 17.2.32519.379
MinimumVisualStudioVersion = 10.0.40219.1
Project("{8BC9CEB8-8B4A-11D0-8D11-00A0C91BC942}") = "Sandbox", "Sandbox\Sandbox.vcxproj", "{D6F3AF5B-E62E-4B2F-B0BD-05427BE82138}"
EndProject
Project("{8BC9CEB8-8B4A-11D0-8D11-00A0C91BC942}") = "Engine", "Engine\Engine.vcxproj", "{D7AEA77D-3B12-4D51-BD67-7BD13473FA5F}"
EndProject
Global
	GlobalSection(SolutionConfigurationPlatforms) = preSolution
		Debug|x64 = Debug|x64
		Release|x64 = Release|x64
	EndGlobalSection
	GlobalSection(ProjectConfigurationPlatforms) = postSolution
		{D6F3AF5B-E62E-4B2F-B0BD-05427BE82138}.Debug|x64.ActiveCfg = Debug|x64
		{D6F3AF5B-E62E-4B2F-B0BD-05427BE82138}.Debug|x64.Build.0 = Debug|x64
		{D6F3AF5B-E62E-4B2F-B0BD-05427BE82138}.Release|x64.ActiveCfg = Release|x64
		{D6F3AF5B-E62E-4B2F-B0BD-05427BE82138}.Release|x64.Build.0 = Release|x64
		{D7AEA77D-3B12-4D51-BD67-7BD13473FA5F}.Debug|x64.ActiveCfg = Debug|x64
		{D7AEA77D-3B12-4D51-BD67-7BD13473FA5F}.Debug|x64.Build.0 = Debug|x64
		{D7AEA77D-3B12-4D51-BD67-7BD13473FA5F}.Release|x64.ActiveCfg = Release|x64
		{D7AEA77D-3B12-4D51-BD67-7BD13473FA5F}.Release|x64.Build.0 = Release|x64
	EndGlobalSection
	GlobalSection(SolutionProperties) = preSolution
		HideSolutionNode = FALSE
	EndGlobalSection
	GlobalSection(ExtensibilityGlobals) = postSolution
		SolutionGuid = {7E576703-CAA9-45E8-8B72-43B1C81D16D4}
	EndGlobalSection
EndGlobal
